// !$*UTF8*$!
{
	archiveVersion = 1;
	classes = {
	};
	objectVersion = 60;
	objects = {

/* Begin PBXBuildFile section */
		74C4EED32F608D4B00B53EB5 /* Assets.xcassets in Resources */ = {isa = PBXBuildFile; fileRef = 74C4EEBE2F608D4B00B53EB5 /* Assets.xcassets */; };
		74C4EED52F608D4B00B53EB5 /* LaunchScreen.storyboard in Resources */ = {isa = PBXBuildFile; fileRef = 74C4EEC62F608D4B00B53EB5 /* LaunchScreen.storyboard */; };
		74C4EED62F608D4B00B53EB5 /* Main.storyboard in Resources */ = {isa = PBXBuildFile; fileRef = 74C4EEC82F608D4B00B53EB5 /* Main.storyboard */; };
		74C4EED72F608D4B00B53EB5 /* ActivitiesRootView.swift in Sources */ = {isa = PBXBuildFile; fileRef = 74C4EEBA2F608D4B00B53EB5 /* ActivitiesRootView.swift */; };
		74C4EED82F608D4B00B53EB5 /* ActivityRouterView.swift in Sources */ = {isa = PBXBuildFile; fileRef = 74C4EEBB2F608D4B00B53EB5 /* ActivityRouterView.swift */; };
		74C4EED92F608D4B00B53EB5 /* AppDelegate.swift in Sources */ = {isa = PBXBuildFile; fileRef = 74C4EEBC2F608D4B00B53EB5 /* AppDelegate.swift */; };
		74C4EEDA2F608D4B00B53EB5 /* AppStorage.swift in Sources */ = {isa = PBXBuildFile; fileRef = 74C4EEBD2F608D4B00B53EB5 /* AppStorage.swift */; };
		74C4EEDB2F608D4B00B53EB5 /* ColorCrazeGame.swift in Sources */ = {isa = PBXBuildFile; fileRef = 74C4EEBF2F608D4B00B53EB5 /* ColorCrazeGame.swift */; };
		74C4EEDC2F608D4B00B53EB5 /* ContentView.swift in Sources */ = {isa = PBXBuildFile; fileRef = 74C4EEC02F608D4B00B53EB5 /* ContentView.swift */; };
		74C4EEDD2F608D4B00B53EB5 /* DailyRunView.swift in Sources */ = {isa = PBXBuildFile; fileRef = 74C4EEC12F608D4B00B53EB5 /* DailyRunView.swift */; };
		74C4EEDE2F608D4B00B53EB5 /* Haptics.swift in Sources */ = {isa = PBXBuildFile; fileRef = 74C4EEC22F608D4B00B53EB5 /* Haptics.swift */; };
		74C4EEDF2F608D4B00B53EB5 /* HomeView.swift in Sources */ = {isa = PBXBuildFile; fileRef = 74C4EEC32F608D4B00B53EB5 /* HomeView.swift */; };
		74C4EEE02F608D4B00B53EB5 /* MainTabView.swift in Sources */ = {isa = PBXBuildFile; fileRef = 74C4EEC92F608D4B00B53EB5 /* MainTabView.swift */; };
		74C4EEE12F608D4B00B53EB5 /* OnboardingViews.swift in Sources */ = {isa = PBXBuildFile; fileRef = 74C4EECA2F608D4B00B53EB5 /* OnboardingViews.swift */; };
		74C4EEE22F608D4B00B53EB5 /* PatternPairsGame.swift in Sources */ = {isa = PBXBuildFile; fileRef = 74C4EECB2F608D4B00B53EB5 /* PatternPairsGame.swift */; };
		74C4EEE32F608D4B00B53EB5 /* ProfileView.swift in Sources */ = {isa = PBXBuildFile; fileRef = 74C4EECC2F608D4B00B53EB5 /* ProfileView.swift */; };
		74C4EEE42F608D4B00B53EB5 /* ResultView.swift in Sources */ = {isa = PBXBuildFile; fileRef = 74C4EECD2F608D4B00B53EB5 /* ResultView.swift */; };
		74C4EEE52F608D4B00B53EB5 /* SceneDelegate.swift in Sources */ = {isa = PBXBuildFile; fileRef = 74C4EECE2F608D4B00B53EB5 /* SceneDelegate.swift */; };
		74C4EEE62F608D4B00B53EB5 /* SettingsView.swift in Sources */ = {isa = PBXBuildFile; fileRef = 74C4EECF2F608D4B00B53EB5 /* SettingsView.swift */; };
		74C4EEE72F608D4B00B53EB5 /* ShapeShifterGame.swift in Sources */ = {isa = PBXBuildFile; fileRef = 74C4EED02F608D4B00B53EB5 /* ShapeShifterGame.swift */; };
		74C4EEE82F608D4B00B53EB5 /* ViewController.swift in Sources */ = {isa = PBXBuildFile; fileRef = 74C4EED12F608D4B00B53EB5 /* ViewController.swift */; };
/* End PBXBuildFile section */

/* Begin PBXFileReference section */
		1920B230DF31584448881A28 /* Pods_Begrarvezar_Broxrel.framework */ = {isa = PBXFileReference; explicitFileType = wrapper.framework; includeInIndex = 0; path = Pods_Begrarvezar_Broxrel.framework; sourceTree = BUILT_PRODUCTS_DIR; };
		5FB052D66FB8FD55A43FAC57 /* Pods-Begrarvezar Broxrel.debug.xcconfig */ = {isa = PBXFileReference; includeInIndex = 1; lastKnownFileType = text.xcconfig; name = "Pods-Begrarvezar Broxrel.debug.xcconfig"; path = "Target Support Files/Pods-Begrarvezar Broxrel/Pods-Begrarvezar Broxrel.debug.xcconfig"; sourceTree = "<group>"; };
		74C4EE5F2F60621300B53EB5 /* Begrarvezar Broxrel.app */ = {isa = PBXFileReference; explicitFileType = wrapper.application; includeInIndex = 0; path = "Begrarvezar Broxrel.app"; sourceTree = BUILT_PRODUCTS_DIR; };
		74C4EEBA2F608D4B00B53EB5 /* ActivitiesRootView.swift */ = {isa = PBXFileReference; lastKnownFileType = sourcecode.swift; path = ActivitiesRootView.swift; sourceTree = "<group>"; };
		74C4EEBB2F608D4B00B53EB5 /* ActivityRouterView.swift */ = {isa = PBXFileReference; lastKnownFileType = sourcecode.swift; path = ActivityRouterView.swift; sourceTree = "<group>"; };
		74C4EEBC2F608D4B00B53EB5 /* AppDelegate.swift */ = {isa = PBXFileReference; lastKnownFileType = sourcecode.swift; path = AppDelegate.swift; sourceTree = "<group>"; };
		74C4EEBD2F608D4B00B53EB5 /* AppStorage.swift */ = {isa = PBXFileReference; lastKnownFileType = sourcecode.swift; path = AppStorage.swift; sourceTree = "<group>"; };
		74C4EEBE2F608D4B00B53EB5 /* Assets.xcassets */ = {isa = PBXFileReference; lastKnownFileType = folder.assetcatalog; path = Assets.xcassets; sourceTree = "<group>"; };
		74C4EEBF2F608D4B00B53EB5 /* ColorCrazeGame.swift */ = {isa = PBXFileReference; lastKnownFileType = sourcecode.swift; path = ColorCrazeGame.swift; sourceTree = "<group>"; };
		74C4EEC02F608D4B00B53EB5 /* ContentView.swift */ = {isa = PBXFileReference; lastKnownFileType = sourcecode.swift; path = ContentView.swift; sourceTree = "<group>"; };
		74C4EEC12F608D4B00B53EB5 /* DailyRunView.swift */ = {isa = PBXFileReference; lastKnownFileType = sourcecode.swift; path = DailyRunView.swift; sourceTree = "<group>"; };
		74C4EEC22F608D4B00B53EB5 /* Haptics.swift */ = {isa = PBXFileReference; lastKnownFileType = sourcecode.swift; path = Haptics.swift; sourceTree = "<group>"; };
		74C4EEC32F608D4B00B53EB5 /* HomeView.swift */ = {isa = PBXFileReference; lastKnownFileType = sourcecode.swift; path = HomeView.swift; sourceTree = "<group>"; };
		74C4EEC42F608D4B00B53EB5 /* Info.plist */ = {isa = PBXFileReference; lastKnownFileType = text.plist.xml; path = Info.plist; sourceTree = "<group>"; };
		74C4EEC52F608D4B00B53EB5 /* Base */ = {isa = PBXFileReference; lastKnownFileType = file.storyboard; name = Base; path = Base.lproj/LaunchScreen.storyboard; sourceTree = "<group>"; };
		74C4EEC72F608D4B00B53EB5 /* Base */ = {isa = PBXFileReference; lastKnownFileType = file.storyboard; name = Base; path = Base.lproj/Main.storyboard; sourceTree = "<group>"; };
		74C4EEC92F608D4B00B53EB5 /* MainTabView.swift */ = {isa = PBXFileReference; lastKnownFileType = sourcecode.swift; path = MainTabView.swift; sourceTree = "<group>"; };
		74C4EECA2F608D4B00B53EB5 /* OnboardingViews.swift */ = {isa = PBXFileReference; lastKnownFileType = sourcecode.swift; path = OnboardingViews.swift; sourceTree = "<group>"; };
		74C4EECB2F608D4B00B53EB5 /* PatternPairsGame.swift */ = {isa = PBXFileReference; lastKnownFileType = sourcecode.swift; path = PatternPairsGame.swift; sourceTree = "<group>"; };
		74C4EECC2F608D4B00B53EB5 /* ProfileView.swift */ = {isa = PBXFileReference; lastKnownFileType = sourcecode.swift; path = ProfileView.swift; sourceTree = "<group>"; };
		74C4EECD2F608D4B00B53EB5 /* ResultView.swift */ = {isa = PBXFileReference; lastKnownFileType = sourcecode.swift; path = ResultView.swift; sourceTree = "<group>"; };
		74C4EECE2F608D4B00B53EB5 /* SceneDelegate.swift */ = {isa = PBXFileReference; lastKnownFileType = sourcecode.swift; path = SceneDelegate.swift; sourceTree = "<group>"; };
		74C4EECF2F608D4B00B53EB5 /* SettingsView.swift */ = {isa = PBXFileReference; lastKnownFileType = sourcecode.swift; path = SettingsView.swift; sourceTree = "<group>"; };
		74C4EED02F608D4B00B53EB5 /* ShapeShifterGame.swift */ = {isa = PBXFileReference; lastKnownFileType = sourcecode.swift; path = ShapeShifterGame.swift; sourceTree = "<group>"; };
		74C4EED12F608D4B00B53EB5 /* ViewController.swift */ = {isa = PBXFileReference; lastKnownFileType = sourcecode.swift; path = ViewController.swift; sourceTree = "<group>"; };
		B5100621F6C219618D46953F /* Pods-Begrarvezar Broxrel.release.xcconfig */ = {isa = PBXFileReference; includeInIndex = 1; lastKnownFileType = text.xcconfig; name = "Pods-Begrarvezar Broxrel.release.xcconfig"; path = "Target Support Files/Pods-Begrarvezar Broxrel/Pods-Begrarvezar Broxrel.release.xcconfig"; sourceTree = "<group>"; };
/* End PBXFileReference section */

/* Begin PBXFrameworksBuildPhase section */
		74C4EE5C2F60621300B53EB5 /* Frameworks */ = {
			isa = PBXFrameworksBuildPhase;
			buildActionMask = 2147483647;
			files = (
			);
			runOnlyForDeploymentPostprocessing = 0;
		};
/* End PBXFrameworksBuildPhase section */

/* Begin PBXGroup section */
		187075B89B6F3D2C510BF181 /* Pods */ = {
			isa = PBXGroup;
			children = (
				5FB052D66FB8FD55A43FAC57 /* Pods-Begrarvezar Broxrel.debug.xcconfig */,
				B5100621F6C219618D46953F /* Pods-Begrarvezar Broxrel.release.xcconfig */,
			);
			path = Pods;
			sourceTree = "<group>";
		};
		74C4EE562F60621300B53EB5 = {
			isa = PBXGroup;
			children = (
				74C4EED22F608D4B00B53EB5 /* Begrarvezar Broxrel */,
				74C4EE602F60621300B53EB5 /* Products */,
				187075B89B6F3D2C510BF181 /* Pods */,
				C47D7FDEFA277AFFFE48215D /* Frameworks */,
			);
			sourceTree = "<group>";
		};
		74C4EE602F60621300B53EB5 /* Products */ = {
			isa = PBXGroup;
			children = (
				74C4EE5F2F60621300B53EB5 /* Begrarvezar Broxrel.app */,
			);
			name = Products;
			sourceTree = "<group>";
		};
		74C4EED22F608D4B00B53EB5 /* Begrarvezar Broxrel */ = {
			isa = PBXGroup;
			children = (
				74C4EEBA2F608D4B00B53EB5 /* ActivitiesRootView.swift */,
				74C4EEBB2F608D4B00B53EB5 /* ActivityRouterView.swift */,
				74C4EEBC2F608D4B00B53EB5 /* AppDelegate.swift */,
				74C4EEBD2F608D4B00B53EB5 /* AppStorage.swift */,
				74C4EEBE2F608D4B00B53EB5 /* Assets.xcassets */,
				74C4EEBF2F608D4B00B53EB5 /* ColorCrazeGame.swift */,
				74C4EEC02F608D4B00B53EB5 /* ContentView.swift */,
				74C4EEC12F608D4B00B53EB5 /* DailyRunView.swift */,
				74C4EEC22F608D4B00B53EB5 /* Haptics.swift */,
				74C4EEC32F608D4B00B53EB5 /* HomeView.swift */,
				74C4EEC42F608D4B00B53EB5 /* Info.plist */,
				74C4EEC62F608D4B00B53EB5 /* LaunchScreen.storyboard */,
				74C4EEC82F608D4B00B53EB5 /* Main.storyboard */,
				74C4EEC92F608D4B00B53EB5 /* MainTabView.swift */,
				74C4EECA2F608D4B00B53EB5 /* OnboardingViews.swift */,
				74C4EECB2F608D4B00B53EB5 /* PatternPairsGame.swift */,
				74C4EECC2F608D4B00B53EB5 /* ProfileView.swift */,
				74C4EECD2F608D4B00B53EB5 /* ResultView.swift */,
				74C4EECE2F608D4B00B53EB5 /* SceneDelegate.swift */,
				74C4EECF2F608D4B00B53EB5 /* SettingsView.swift */,
				74C4EED02F608D4B00B53EB5 /* ShapeShifterGame.swift */,
				74C4EED12F608D4B00B53EB5 /* ViewController.swift */,
			);
			path = "Begrarvezar Broxrel";
			sourceTree = "<group>";
		};
		C47D7FDEFA277AFFFE48215D /* Frameworks */ = {
			isa = PBXGroup;
			children = (
				1920B230DF31584448881A28 /* Pods_Begrarvezar_Broxrel.framework */,
			);
			name = Frameworks;
			sourceTree = "<group>";
		};
/* End PBXGroup section */

/* Begin PBXNativeTarget section */
		74C4EE5E2F60621300B53EB5 /* Begrarvezar Broxrel */ = {
			isa = PBXNativeTarget;
			buildConfigurationList = 74C4EE722F60621400B53EB5 /* Build configuration list for PBXNativeTarget "Begrarvezar Broxrel" */;
			buildPhases = (
				35DE5CAF1BB9E752C05B1CB3 /* [CP] Check Pods Manifest.lock */,
				74C4EE5B2F60621300B53EB5 /* Sources */,
				74C4EE5C2F60621300B53EB5 /* Frameworks */,
				74C4EE5D2F60621300B53EB5 /* Resources */,
			);
			buildRules = (
			);
			dependencies = (
			);
			name = "Begrarvezar Broxrel";
			productName = "Begrarvezar Broxrel";
			productReference = 74C4EE5F2F60621300B53EB5 /* Begrarvezar Broxrel.app */;
			productType = "com.apple.product-type.application";
		};
/* End PBXNativeTarget section */

/* Begin PBXProject section */
		74C4EE572F60621300B53EB5 /* Project object */ = {
			isa = PBXProject;
			attributes = {
				BuildIndependentTargetsInParallel = 1;
				LastSwiftUpdateCheck = 2620;
				LastUpgradeCheck = 2620;
				TargetAttributes = {
					74C4EE5E2F60621300B53EB5 = {
						CreatedOnToolsVersion = 26.2;
					};
				};
			};
			buildConfigurationList = 74C4EE5A2F60621300B53EB5 /* Build configuration list for PBXProject "Begrarvezar Broxrel" */;
			compatibilityVersion = "Xcode 15.0";
			developmentRegion = en;
			hasScannedForEncodings = 0;
			knownRegions = (
				en,
				Base,
			);
			mainGroup = 74C4EE562F60621300B53EB5;
			productRefGroup = 74C4EE602F60621300B53EB5 /* Products */;
			projectDirPath = "";
			projectRoot = "";
			targets = (
				74C4EE5E2F60621300B53EB5 /* Begrarvezar Broxrel */,
			);
		};
/* End PBXProject section */

/* Begin PBXResourcesBuildPhase section */
		74C4EE5D2F60621300B53EB5 /* Resources */ = {
			isa = PBXResourcesBuildPhase;
			buildActionMask = 2147483647;
			files = (
				74C4EED32F608D4B00B53EB5 /* Assets.xcassets in Resources */,
				74C4EED52F608D4B00B53EB5 /* LaunchScreen.storyboard in Resources */,
				74C4EED62F608D4B00B53EB5 /* Main.storyboard in Resources */,
			);
			runOnlyForDeploymentPostprocessing = 0;
		};
/* End PBXResourcesBuildPhase section */

/* Begin PBXShellScriptBuildPhase section */
		35DE5CAF1BB9E752C05B1CB3 /* [CP] Check Pods Manifest.lock */ = {
			isa = PBXShellScriptBuildPhase;
			buildActionMask = 2147483647;
			files = (
			);
			inputFileListPaths = (
			);
			inputPaths = (
				"${PODS_PODFILE_DIR_PATH}/Podfile.lock",
				"${PODS_ROOT}/Manifest.lock",
			);
			name = "[CP] Check Pods Manifest.lock";
			outputFileListPaths = (
			);
			outputPaths = (
				"$(DERIVED_FILE_DIR)/Pods-Begrarvezar Broxrel-checkManifestLockResult.txt",
			);
			runOnlyForDeploymentPostprocessing = 0;
			shellPath = /bin/sh;
			shellScript = "diff \"${PODS_PODFILE_DIR_PATH}/Podfile.lock\" \"${PODS_ROOT}/Manifest.lock\" > /dev/null\nif [ $? != 0 ] ; then\n    # print error to STDERR\n    echo \"error: The sandbox is not in sync with the Podfile.lock. Run 'pod install' or update your CocoaPods installation.\" >&2\n    exit 1\nfi\n# This output is used by Xcode 'outputs' to avoid re-running this script phase.\necho \"SUCCESS\" > \"${SCRIPT_OUTPUT_FILE_0}\"\n";
			showEnvVarsInLog = 0;
		};
/* End PBXShellScriptBuildPhase section */

/* Begin PBXSourcesBuildPhase section */
		74C4EE5B2F60621300B53EB5 /* Sources */ = {
			isa = PBXSourcesBuildPhase;
			buildActionMask = 2147483647;
			files = (
				74C4EED72F608D4B00B53EB5 /* ActivitiesRootView.swift in Sources */,
				74C4EED82F608D4B00B53EB5 /* ActivityRouterView.swift in Sources */,
				74C4EED92F608D4B00B53EB5 /* AppDelegate.swift in Sources */,
				74C4EEDA2F608D4B00B53EB5 /* AppStorage.swift in Sources */,
				74C4EEDB2F608D4B00B53EB5 /* ColorCrazeGame.swift in Sources */,
				74C4EEDC2F608D4B00B53EB5 /* ContentView.swift in Sources */,
				74C4EEDD2F608D4B00B53EB5 /* DailyRunView.swift in Sources */,
				74C4EEDE2F608D4B00B53EB5 /* Haptics.swift in Sources */,
				74C4EEDF2F608D4B00B53EB5 /* HomeView.swift in Sources */,
				74C4EEE02F608D4B00B53EB5 /* MainTabView.swift in Sources */,
				74C4EEE12F608D4B00B53EB5 /* OnboardingViews.swift in Sources */,
				74C4EEE22F608D4B00B53EB5 /* PatternPairsGame.swift in Sources */,
				74C4EEE32F608D4B00B53EB5 /* ProfileView.swift in Sources */,
				74C4EEE42F608D4B00B53EB5 /* ResultView.swift in Sources */,
				74C4EEE52F608D4B00B53EB5 /* SceneDelegate.swift in Sources */,
				74C4EEE62F608D4B00B53EB5 /* SettingsView.swift in Sources */,
				74C4EEE72F608D4B00B53EB5 /* ShapeShifterGame.swift in Sources */,
				74C4EEE82F608D4B00B53EB5 /* ViewController.swift in Sources */,
			);
			runOnlyForDeploymentPostprocessing = 0;
		};
/* End PBXSourcesBuildPhase section */

/* Begin PBXVariantGroup section */
		74C4EEC62F608D4B00B53EB5 /* LaunchScreen.storyboard */ = {
			isa = PBXVariantGroup;
			children = (
				74C4EEC52F608D4B00B53EB5 /* Base */,
			);
			name = LaunchScreen.storyboard;
			sourceTree = "<group>";
		};
		74C4EEC82F608D4B00B53EB5 /* Main.storyboard */ = {
			isa = PBXVariantGroup;
			children = (
				74C4EEC72F608D4B00B53EB5 /* Base */,
			);
			name = Main.storyboard;
			sourceTree = "<group>";
		};
/* End PBXVariantGroup section */

/* Begin XCBuildConfiguration section */
		74C4EE732F60621400B53EB5 /* Debug */ = {
			isa = XCBuildConfiguration;
			baseConfigurationReference = 5FB052D66FB8FD55A43FAC57 /* Pods-Begrarvezar Broxrel.debug.xcconfig */;
			buildSettings = {
				ASSETCATALOG_COMPILER_APPICON_NAME = AppIcon;
				ASSETCATALOG_COMPILER_GLOBAL_ACCENT_COLOR_NAME = AccentColor;
				CODE_SIGN_STYLE = Automatic;
				CURRENT_PROJECT_VERSION = 1;
				GENERATE_INFOPLIST_FILE = YES;
				INFOPLIST_FILE = "Begrarvezar Broxrel/Info.plist";
				INFOPLIST_KEY_CFBundleDisplayName = "Begrarvezar Broxrel";
				INFOPLIST_KEY_UIApplicationSupportsIndirectInputEvents = YES;
				INFOPLIST_KEY_UILaunchStoryboardName = LaunchScreen;
				INFOPLIST_KEY_UIMainStoryboardFile = Main;
				INFOPLIST_KEY_UIRequiresFullScreen = YES;
				INFOPLIST_KEY_UISupportedInterfaceOrientations = UIInterfaceOrientationPortrait;
				INFOPLIST_KEY_UISupportedInterfaceOrientations_iPad = UIInterfaceOrientationPortrait;
				IPHONEOS_DEPLOYMENT_TARGET = 17;
				LD_RUNPATH_SEARCH_PATHS = (
					"$(inherited)",
					"@executable_path/Frameworks",
				);
				MARKETING_VERSION = 1.0;
				PRODUCT_BUNDLE_IDENTIFIER = com.hug.spmd76s0n;
				PRODUCT_NAME = "$(TARGET_NAME)";
				STRING_CATALOG_GENERATE_SYMBOLS = YES;
				SUPPORTED_PLATFORMS = "iphoneos iphonesimulator";
				SUPPORTS_MACCATALYST = NO;
				SUPPORTS_MAC_DESIGNED_FOR_IPHONE_IPAD = NO;
				SUPPORTS_XR_DESIGNED_FOR_IPHONE_IPAD = NO;
				SWIFT_APPROACHABLE_CONCURRENCY = YES;
				SWIFT_DEFAULT_ACTOR_ISOLATION = MainActor;
				SWIFT_EMIT_LOC_STRINGS = YES;
				SWIFT_UPCOMING_FEATURE_MEMBER_IMPORT_VISIBILITY = YES;
				SWIFT_VERSION = 5.0;
				TARGETED_DEVICE_FAMILY = 1;
			};
			name = Debug;
		};
		74C4EE742F60621400B53EB5 /* Release */ = {
			isa = XCBuildConfiguration;
			baseConfigurationReference = B5100621F6C219618D46953F /* Pods-Begrarvezar Broxrel.release.xcconfig */;
			buildSettings = {
				ASSETCATALOG_COMPILER_APPICON_NAME = AppIcon;
				ASSETCATALOG_COMPILER_GLOBAL_ACCENT_COLOR_NAME = AccentColor;
				CODE_SIGN_STYLE = Automatic;
				CURRENT_PROJECT_VERSION = 1;
				GENERATE_INFOPLIST_FILE = YES;
				INFOPLIST_FILE = "Begrarvezar Broxrel/Info.plist";
				INFOPLIST_KEY_CFBundleDisplayName = "Begrarvezar Broxrel";
				INFOPLIST_KEY_UIApplicationSupportsIndirectInputEvents = YES;
				INFOPLIST_KEY_UILaunchStoryboardName = LaunchScreen;
				INFOPLIST_KEY_UIMainStoryboardFile = Main;
				INFOPLIST_KEY_UIRequiresFullScreen = YES;
				INFOPLIST_KEY_UISupportedInterfaceOrientations = UIInterfaceOrientationPortrait;
				INFOPLIST_KEY_UISupportedInterfaceOrientations_iPad = UIInterfaceOrientationPortrait;
				IPHONEOS_DEPLOYMENT_TARGET = 17;
				LD_RUNPATH_SEARCH_PATHS = (
					"$(inherited)",
					"@executable_path/Frameworks",
				);
				MARKETING_VERSION = 1.0;
				PRODUCT_BUNDLE_IDENTIFIER = com.hug.spmd76s0n;
				PRODUCT_NAME = "$(TARGET_NAME)";
				STRING_CATALOG_GENERATE_SYMBOLS = YES;
				SUPPORTED_PLATFORMS = "iphoneos iphonesimulator";
				SUPPORTS_MACCATALYST = NO;
				SUPPORTS_MAC_DESIGNED_FOR_IPHONE_IPAD = NO;
				SUPPORTS_XR_DESIGNED_FOR_IPHONE_IPAD = NO;
				SWIFT_APPROACHABLE_CONCURRENCY = YES;
				SWIFT_DEFAULT_ACTOR_ISOLATION = MainActor;
				SWIFT_EMIT_LOC_STRINGS = YES;
				SWIFT_UPCOMING_FEATURE_MEMBER_IMPORT_VISIBILITY = YES;
				SWIFT_VERSION = 5.0;
				TARGETED_DEVICE_FAMILY = 1;
			};
			name = Release;
		};
		74C4EE752F60621400B53EB5 /* Debug */ = {
			isa = XCBuildConfiguration;
			buildSettings = {
				ALWAYS_SEARCH_USER_PATHS = NO;
				ASSETCATALOG_COMPILER_GENERATE_SWIFT_ASSET_SYMBOL_EXTENSIONS = YES;
				CLANG_ANALYZER_NONNULL = YES;
				CLANG_ANALYZER_NUMBER_OBJECT_CONVERSION = YES_AGGRESSIVE;
				CLANG_CXX_LANGUAGE_STANDARD = "gnu++20";
				CLANG_ENABLE_MODULES = YES;
				CLANG_ENABLE_OBJC_ARC = YES;
				CLANG_ENABLE_OBJC_WEAK = YES;
				CLANG_WARN_BLOCK_CAPTURE_AUTORELEASING = YES;
				CLANG_WARN_BOOL_CONVERSION = YES;
				CLANG_WARN_COMMA = YES;
				CLANG_WARN_CONSTANT_CONVERSION = YES;
				CLANG_WARN_DEPRECATED_OBJC_IMPLEMENTATIONS = YES;
				CLANG_WARN_DIRECT_OBJC_ISA_USAGE = YES_ERROR;
				CLANG_WARN_DOCUMENTATION_COMMENTS = YES;
				CLANG_WARN_EMPTY_BODY = YES;
				CLANG_WARN_ENUM_CONVERSION = YES;
				CLANG_WARN_INFINITE_RECURSION = YES;
				CLANG_WARN_INT_CONVERSION = YES;
				CLANG_WARN_NON_LITERAL_NULL_CONVERSION = YES;
				CLANG_WARN_OBJC_IMPLICIT_RETAIN_SELF = YES;
				CLANG_WARN_OBJC_LITERAL_CONVERSION = YES;
				CLANG_WARN_OBJC_ROOT_CLASS = YES_ERROR;
				CLANG_WARN_QUOTED_INCLUDE_IN_FRAMEWORK_HEADER = YES;
				CLANG_WARN_RANGE_LOOP_ANALYSIS = YES;
				CLANG_WARN_STRICT_PROTOTYPES = YES;
				CLANG_WARN_SUSPICIOUS_MOVE = YES;
				CLANG_WARN_UNGUARDED_AVAILABILITY = YES_AGGRESSIVE;
				CLANG_WARN_UNREACHABLE_CODE = YES;
				CLANG_WARN__DUPLICATE_METHOD_MATCH = YES;
				COPY_PHASE_STRIP = NO;
				DEBUG_INFORMATION_FORMAT = dwarf;
				ENABLE_STRICT_OBJC_MSGSEND = YES;
				ENABLE_TESTABILITY = YES;
				ENABLE_USER_SCRIPT_SANDBOXING = YES;
				GCC_C_LANGUAGE_STANDARD = gnu17;
				GCC_DYNAMIC_NO_PIC = NO;
				GCC_NO_COMMON_BLOCKS = YES;
				GCC_OPTIMIZATION_LEVEL = 0;
				GCC_PREPROCESSOR_DEFINITIONS = (
					"DEBUG=1",
					"$(inherited)",
				);
				GCC_WARN_64_TO_32_BIT_CONVERSION = YES;
				GCC_WARN_ABOUT_RETURN_TYPE = YES_ERROR;
				GCC_WARN_UNDECLARED_SELECTOR = YES;
				GCC_WARN_UNINITIALIZED_AUTOS = YES_AGGRESSIVE;
				GCC_WARN_UNUSED_FUNCTION = YES;
				GCC_WARN_UNUSED_VARIABLE = YES;
				IPHONEOS_DEPLOYMENT_TARGET = 26.2;
				LOCALIZATION_PREFERS_STRING_CATALOGS = YES;
				MTL_ENABLE_DEBUG_INFO = INCLUDE_SOURCE;
				MTL_FAST_MATH = YES;
				ONLY_ACTIVE_ARCH = YES;
				SDKROOT = iphoneos;
				SWIFT_ACTIVE_COMPILATION_CONDITIONS = "DEBUG $(inherited)";
				SWIFT_OPTIMIZATION_LEVEL = "-Onone";
			};
			name = Debug;
		};
		74C4EE762F60621400B53EB5 /* Release */ = {
			isa = XCBuildConfiguration;
			buildSettings = {
				ALWAYS_SEARCH_USER_PATHS = NO;
				ASSETCATALOG_COMPILER_GENERATE_SWIFT_ASSET_SYMBOL_EXTENSIONS = YES;
				CLANG_ANALYZER_NONNULL = YES;
				CLANG_ANALYZER_NUMBER_OBJECT_CONVERSION = YES_AGGRESSIVE;
				CLANG_CXX_LANGUAGE_STANDARD = "gnu++20";
				CLANG_ENABLE_MODULES = YES;
				CLANG_ENABLE_OBJC_ARC = YES;
				CLANG_ENABLE_OBJC_WEAK = YES;
				CLANG_WARN_BLOCK_CAPTURE_AUTORELEASING = YES;
				CLANG_WARN_BOOL_CONVERSION = YES;
				CLANG_WARN_COMMA = YES;
				CLANG_WARN_CONSTANT_CONVERSION = YES;
				CLANG_WARN_DEPRECATED_OBJC_IMPLEMENTATIONS = YES;
				CLANG_WARN_DIRECT_OBJC_ISA_USAGE = YES_ERROR;
				CLANG_WARN_DOCUMENTATION_COMMENTS = YES;
				CLANG_WARN_EMPTY_BODY = YES;
				CLANG_WARN_ENUM_CONVERSION = YES;
				CLANG_WARN_INFINITE_RECURSION = YES;
				CLANG_WARN_INT_CONVERSION = YES;
				CLANG_WARN_NON_LITERAL_NULL_CONVERSION = YES;
				CLANG_WARN_OBJC_IMPLICIT_RETAIN_SELF = YES;
				CLANG_WARN_OBJC_LITERAL_CONVERSION = YES;
				CLANG_WARN_OBJC_ROOT_CLASS = YES_ERROR;
				CLANG_WARN_QUOTED_INCLUDE_IN_FRAMEWORK_HEADER = YES;
				CLANG_WARN_RANGE_LOOP_ANALYSIS = YES;
				CLANG_WARN_STRICT_PROTOTYPES = YES;
				CLANG_WARN_SUSPICIOUS_MOVE = YES;
				CLANG_WARN_UNGUARDED_AVAILABILITY = YES_AGGRESSIVE;
				CLANG_WARN_UNREACHABLE_CODE = YES;
				CLANG_WARN__DUPLICATE_METHOD_MATCH = YES;
				COPY_PHASE_STRIP = NO;
				DEBUG_INFORMATION_FORMAT = "dwarf-with-dsym";
				ENABLE_NS_ASSERTIONS = NO;
				ENABLE_STRICT_OBJC_MSGSEND = YES;
				ENABLE_USER_SCRIPT_SANDBOXING = YES;
				GCC_C_LANGUAGE_STANDARD = gnu17;
				GCC_NO_COMMON_BLOCKS = YES;
				GCC_WARN_64_TO_32_BIT_CONVERSION = YES;
				GCC_WARN_ABOUT_RETURN_TYPE = YES_ERROR;
				GCC_WARN_UNDECLARED_SELECTOR = YES;
				GCC_WARN_UNINITIALIZED_AUTOS = YES_AGGRESSIVE;
				GCC_WARN_UNUSED_FUNCTION = YES;
				GCC_WARN_UNUSED_VARIABLE = YES;
				IPHONEOS_DEPLOYMENT_TARGET = 26.2;
				LOCALIZATION_PREFERS_STRING_CATALOGS = YES;
				MTL_ENABLE_DEBUG_INFO = NO;
				MTL_FAST_MATH = YES;
				SDKROOT = iphoneos;
				SWIFT_COMPILATION_MODE = wholemodule;
				VALIDATE_PRODUCT = YES;
			};
			name = Release;
		};
/* End XCBuildConfiguration section */

/* Begin XCConfigurationList section */
		74C4EE5A2F60621300B53EB5 /* Build configuration list for PBXProject "Begrarvezar Broxrel" */ = {
			isa = XCConfigurationList;
			buildConfigurations = (
				74C4EE752F60621400B53EB5 /* Debug */,
				74C4EE762F60621400B53EB5 /* Release */,
			);
			defaultConfigurationIsVisible = 0;
			defaultConfigurationName = Release;
		};
		74C4EE722F60621400B53EB5 /* Build configuration list for PBXNativeTarget "Begrarvezar Broxrel" */ = {
			isa = XCConfigurationList;
			buildConfigurations = (
				74C4EE732F60621400B53EB5 /* Debug */,
				74C4EE742F60621400B53EB5 /* Release */,
			);
			defaultConfigurationIsVisible = 0;
			defaultConfigurationName = Release;
		};
/* End XCConfigurationList section */
	};
	rootObject = 74C4EE572F60621300B53EB5 /* Project object */;
}
